
Microsoft Visual Studio Solution File, Format Version 12.00
# Visual Studio Version 17
VisualStudioVersion = 17.9.34728.123
MinimumVisualStudioVersion = 10.0.40219.1
Project("{54A90642-561A-4BB1-A94E-469ADEE60C69}") = "MERN_Assignment", "MERN_Assignment\MERN_Assignment.esproj", "{C6108BB4-42DE-4A2E-9DC6-9E06AD95092D}"
EndProject
Global
	GlobalSection(SolutionConfigurationPlatforms) = preSolution
		Debug|Any CPU = Debug|Any CPU
		Release|Any CPU = Release|Any CPU
	EndGlobalSection
	GlobalSection(ProjectConfigurationPlatforms) = postSolution
		{C6108BB4-42DE-4A2E-9DC6-9E06AD95092D}.Debug|Any CPU.ActiveCfg = Debug|Any CPU
		{C6108BB4-42DE-4A2E-9DC6-9E06AD95092D}.Debug|Any CPU.Build.0 = Debug|Any CPU
		{C6108BB4-42DE-4A2E-9DC6-9E06AD95092D}.Debug|Any CPU.Deploy.0 = Debug|Any CPU
		{C6108BB4-42DE-4A2E-9DC6-9E06AD95092D}.Release|Any CPU.ActiveCfg = Release|Any CPU
		{C6108BB4-42DE-4A2E-9DC6-9E06AD95092D}.Release|Any CPU.Build.0 = Release|Any CPU
		{C6108BB4-42DE-4A2E-9DC6-9E06AD95092D}.Release|Any CPU.Deploy.0 = Release|Any CPU
	EndGlobalSection
	GlobalSection(SolutionProperties) = preSolution
		HideSolutionNode = FALSE
	EndGlobalSection
	GlobalSection(ExtensibilityGlobals) = postSolution
		SolutionGuid = {8162E828-EC5F-462B-A732-2FA501EBB437}
	EndGlobalSection
EndGlobal
